Microsoft Visual Studio Solution File, Format Version 11.00
# Visual Studio 2008

Project("{81195EE5-C214-B3E1-D3D6-88959AD2AA67}") = "peluang", "Assembly-CSharp.csproj", "{49C914CA-7A2A-4616-3B4A-71342208DCEC}"
EndProject
Global
	GlobalSection(SolutionConfigurationPlatforms) = preSolution
		Debug|Any CPU = Debug|Any CPU
		Release|Any CPU = Release|Any CPU
	EndGlobalSection
	GlobalSection(ProjectConfigurationPlatforms) = postSolution
		{49C914CA-7A2A-4616-3B4A-71342208DCEC}.Debug|Any CPU.ActiveCfg = Debug|Any CPU
		{49C914CA-7A2A-4616-3B4A-71342208DCEC}.Debug|Any CPU.Build.0 = Debug|Any CPU
		{49C914CA-7A2A-4616-3B4A-71342208DCEC}.Release|Any CPU.ActiveCfg = Release|Any CPU
		{49C914CA-7A2A-4616-3B4A-71342208DCEC}.Release|Any CPU.Build.0 = Release|Any CPU
	EndGlobalSection
	GlobalSection(SolutionProperties) = preSolution
		HideSolutionNode = FALSE
	EndGlobalSection
	GlobalSection(MonoDevelopProperties) = preSolution
		StartupItem = Assembly-CSharp.csproj
	EndGlobalSection
EndGlobal
